// !$*UTF8*$!
{
	archiveVersion = 1;
	classes = {
	};
	objectVersion = 56;
	objects = {

/* Begin PBXBuildFile section */
		AE7861CC2A88303B00FF0000 /* EmployeeDirectoryApp.swift in Sources */ = {isa = PBXBuildFile; fileRef = AE7861CB2A88303B00FF0000 /* EmployeeDirectoryApp.swift */; };
		AE7861CE2A88303B00FF0000 /* ContentView.swift in Sources */ = {isa = PBXBuildFile; fileRef = AE7861CD2A88303B00FF0000 /* ContentView.swift */; };
		AE7861D02A88303F00FF0000 /* Assets.xcassets in Resources */ = {isa = PBXBuildFile; fileRef = AE7861CF2A88303F00FF0000 /* Assets.xcassets */; };
		AE7861D32A88303F00FF0000 /* Preview Assets.xcassets in Resources */ = {isa = PBXBuildFile; fileRef = AE7861D22A88303F00FF0000 /* Preview Assets.xcassets */; };
		AE7861DA2A88307400FF0000 /* EmployeeModel.swift in Sources */ = {isa = PBXBuildFile; fileRef = AE7861D92A88307400FF0000 /* EmployeeModel.swift */; };
		AE7861DC2A8830AF00FF0000 /* EmployeesViewModel.swift in Sources */ = {isa = PBXBuildFile; fileRef = AE7861DB2A8830AF00FF0000 /* EmployeesViewModel.swift */; };
		AE7861DE2A88315D00FF0000 /* MainTabView.swift in Sources */ = {isa = PBXBuildFile; fileRef = AE7861DD2A88315D00FF0000 /* MainTabView.swift */; };
		AE7861E02A88317C00FF0000 /* OnboardingView.swift in Sources */ = {isa = PBXBuildFile; fileRef = AE7861DF2A88317C00FF0000 /* OnboardingView.swift */; };
		AE7861E22A8831CD00FF0000 /* EmployeesView.swift in Sources */ = {isa = PBXBuildFile; fileRef = AE7861E12A8831CD00FF0000 /* EmployeesView.swift */; };
		AE7861E42A8831F200FF0000 /* EmployeeDetailView.swift in Sources */ = {isa = PBXBuildFile; fileRef = AE7861E32A8831F200FF0000 /* EmployeeDetailView.swift */; };
		AE7861E62A88320E00FF0000 /* SettingsView.swift in Sources */ = {isa = PBXBuildFile; fileRef = AE7861E52A88320E00FF0000 /* SettingsView.swift */; };
		AE7861E82A88322B00FF0000 /* EmployeeRowView.swift in Sources */ = {isa = PBXBuildFile; fileRef = AE7861E72A88322B00FF0000 /* EmployeeRowView.swift */; };
		AE7861EA2A88324000FF0000 /* SearchBar.swift in Sources */ = {isa = PBXBuildFile; fileRef = AE7861E92A88324000FF0000 /* SearchBar.swift */; };
		AE7861EC2A88326000FF0000 /* RemoteImage.swift in Sources */ = {isa = PBXBuildFile; fileRef = AE7861EB2A88326000FF0000 /* RemoteImage.swift */; };
		AE7861EE2A8832A100FF0000 /* EmployeesData.swift in Sources */ = {isa = PBXBuildFile; fileRef = AE7861ED2A8832A100FF0000 /* EmployeesData.swift */; };
/* End PBXBuildFile section */

/* Begin PBXFileReference section */
		AE7861C82A88303B00FF0000 /* EmployeeDirectory.app */ = {isa = PBXFileReference; explicitFileType = wrapper.application; includeInIndex = 0; path = EmployeeDirectory.app; sourceTree = BUILT_PRODUCTS_DIR; };
		AE7861CB2A88303B00FF0000 /* EmployeeDirectoryApp.swift */ = {isa = PBXFileReference; lastKnownFileType = sourcecode.swift; path = EmployeeDirectoryApp.swift; sourceTree = "<group>"; };
		AE7861CD2A88303B00FF0000 /* ContentView.swift */ = {isa = PBXFileReference; lastKnownFileType = sourcecode.swift; path = ContentView.swift; sourceTree = "<group>"; };
		AE7861CF2A88303F00FF0000 /* Assets.xcassets */ = {isa = PBXFileReference; lastKnownFileType = folder.assetcatalog; path = Assets.xcassets; sourceTree = "<group>"; };
		AE7861D22A88303F00FF0000 /* Preview Assets.xcassets */ = {isa = PBXFileReference; lastKnownFileType = folder.assetcatalog; path = "Preview Assets.xcassets"; sourceTree = "<group>"; };
		AE7861D92A88307400FF0000 /* EmployeeModel.swift */ = {isa = PBXFileReference; lastKnownFileType = sourcecode.swift; path = EmployeeModel.swift; sourceTree = "<group>"; };
		AE7861DB2A8830AF00FF0000 /* EmployeesViewModel.swift */ = {isa = PBXFileReference; lastKnownFileType = sourcecode.swift; path = EmployeesViewModel.swift; sourceTree = "<group>"; };
		AE7861DD2A88315D00FF0000 /* MainTabView.swift */ = {isa = PBXFileReference; lastKnownFileType = sourcecode.swift; path = MainTabView.swift; sourceTree = "<group>"; };
		AE7861DF2A88317C00FF0000 /* OnboardingView.swift */ = {isa = PBXFileReference; lastKnownFileType = sourcecode.swift; path = OnboardingView.swift; sourceTree = "<group>"; };
		AE7861E12A8831CD00FF0000 /* EmployeesView.swift */ = {isa = PBXFileReference; lastKnownFileType = sourcecode.swift; path = EmployeesView.swift; sourceTree = "<group>"; };
		AE7861E32A8831F200FF0000 /* EmployeeDetailView.swift */ = {isa = PBXFileReference; lastKnownFileType = sourcecode.swift; path = EmployeeDetailView.swift; sourceTree = "<group>"; };
		AE7861E52A88320E00FF0000 /* SettingsView.swift */ = {isa = PBXFileReference; lastKnownFileType = sourcecode.swift; path = SettingsView.swift; sourceTree = "<group>"; };
		AE7861E72A88322B00FF0000 /* EmployeeRowView.swift */ = {isa = PBXFileReference; lastKnownFileType = sourcecode.swift; path = EmployeeRowView.swift; sourceTree = "<group>"; };
		AE7861E92A88324000FF0000 /* SearchBar.swift */ = {isa = PBXFileReference; lastKnownFileType = sourcecode.swift; path = SearchBar.swift; sourceTree = "<group>"; };
		AE7861EB2A88326000FF0000 /* RemoteImage.swift */ = {isa = PBXFileReference; lastKnownFileType = sourcecode.swift; path = RemoteImage.swift; sourceTree = "<group>"; };
		AE7861ED2A8832A100FF0000 /* EmployeesData.swift */ = {isa = PBXFileReference; lastKnownFileType = sourcecode.swift; path = EmployeesData.swift; sourceTree = "<group>"; };
/* End PBXFileReference section */

/* Begin PBXFrameworksBuildPhase section */
		AE7861C52A88303B00FF0000 /* Frameworks */ = {
			isa = PBXFrameworksBuildPhase;
			buildActionMask = 2147483647;
			files = (
			);
			runOnlyForDeploymentPostprocessing = 0;
		};
/* End PBXFrameworksBuildPhase section */

/* Begin PBXGroup section */
		AE7861BF2A88303B00FF0000 = {
			isa = PBXGroup;
			children = (
				AE7861CA2A88303B00FF0000 /* EmployeeDirectory */,
				AE7861C92A88303B00FF0000 /* Products */,
			);
			sourceTree = "<group>";
		};
		AE7861C92A88303B00FF0000 /* Products */ = {
			isa = PBXGroup;
			children = (
				AE7861C82A88303B00FF0000 /* EmployeeDirectory.app */,
			);
			name = Products;
			sourceTree = "<group>";
		};
		AE7861CA2A88303B00FF0000 /* EmployeeDirectory */ = {
			isa = PBXGroup;
			children = (
				AE7861CB2A88303B00FF0000 /* EmployeeDirectoryApp.swift */,
				AE7861CD2A88303B00FF0000 /* ContentView.swift */,
				AE7861D92A88307400FF0000 /* EmployeeModel.swift */,
				AE7861DB2A8830AF00FF0000 /* EmployeesViewModel.swift */,
				AE7861DD2A88315D00FF0000 /* MainTabView.swift */,
				AE7861DF2A88317C00FF0000 /* OnboardingView.swift */,
				AE7861E12A8831CD00FF0000 /* EmployeesView.swift */,
				AE7861E32A8831F200FF0000 /* EmployeeDetailView.swift */,
				AE7861E52A88320E00FF0000 /* SettingsView.swift */,
				AE7861E72A88322B00FF0000 /* EmployeeRowView.swift */,
				AE7861E92A88324000FF0000 /* SearchBar.swift */,
				AE7861EB2A88326000FF0000 /* RemoteImage.swift */,
				AE7861ED2A8832A100FF0000 /* EmployeesData.swift */,
				AE7861CF2A88303F00FF0000 /* Assets.xcassets */,
				AE7861D12A88303F00FF0000 /* Preview Content */,
			);
			path = EmployeeDirectory;
			sourceTree = "<group>";
		};
		AE7861D12A88303F00FF0000 /* Preview Content */ = {
			isa = PBXGroup;
			children = (
				AE7861D22A88303F00FF0000 /* Preview Assets.xcassets */,
			);
			path = "Preview Content";
			sourceTree = "<group>";
		};
/* End PBXGroup section */

/* Begin PBXNativeTarget section */
		AE7861C72A88303B00FF0000 /* EmployeeDirectory */ = {
			isa = PBXNativeTarget;
			buildConfigurationList = AE7861D62A88303F00FF0000 /* Build configuration list for PBXNativeTarget "EmployeeDirectory" */;
			buildPhases = (
				AE7861C42A88303B00FF0000 /* Sources */,
				AE7861C52A88303B00FF0000 /* Frameworks */,
				AE7861C62A88303B00FF0000 /* Resources */,
			);
			buildRules = (
			);
			dependencies = (
			);
			name = EmployeeDirectory;
			productName = EmployeeDirectory;
			productReference = AE7861C82A88303B00FF0000 /* EmployeeDirectory.app */;
			productType = "com.apple.product-type.application";
		};
/* End PBXNativeTarget section */

/* Begin PBXProject section */
		AE7861C02A88303B00FF0000 /* Project object */ = {
			isa = PBXProject;
			attributes = {
				BuildIndependentTargetsInParallel = 1;
				LastSwiftUpdateCheck = 1500;
				LastUpgradeCheck = 1500;
				TargetAttributes = {
					AE7861C72A88303B00FF0000 = {
						CreatedOnToolsVersion = 15.0;
					};
				};
			};
			buildConfigurationList = AE7861C32A88303B00FF0000 /* Build configuration list for PBXProject "EmployeeDirectory" */;
			compatibilityVersion = "Xcode 14.0";
			developmentRegion = en;
			hasScannedForEncodings = 0;
			knownRegions = (
				en,
				Base,
			);
			mainGroup = AE7861BF2A88303B00FF0000;
			productRefGroup = AE7861C92A88303B00FF0000 /* Products */;
			projectDirPath = "";
			projectRoot = "";
			targets = (
				AE7861C72A88303B00FF0000 /* EmployeeDirectory */,
			);
		};
/* End PBXProject section */

/* Begin PBXResourcesBuildPhase section */
		AE7861C62A88303B00FF0000 /* Resources */ = {
			isa = PBXResourcesBuildPhase;
			buildActionMask = 2147483647;
			files = (
				AE7861D32A88303F00FF0000 /* Preview Assets.xcassets in Resources */,
				AE7861D02A88303F00FF0000 /* Assets.xcassets in Resources */,
			);
			runOnlyForDeploymentPostprocessing = 0;
		};
/* End PBXResourcesBuildPhase section */

/* Begin PBXSourcesBuildPhase section */
		AE7861C42A88303B00FF0000 /* Sources */ = {
			isa = PBXSourcesBuildPhase;
			buildActionMask = 2147483647;
			files = (
				AE7861DA2A88307400FF0000 /* EmployeeModel.swift in Sources */,
				AE7861E42A8831F200FF0000 /* EmployeeDetailView.swift in Sources */,
				AE7861E22A8831CD00FF0000 /* EmployeesView.swift in Sources */,
				AE7861EE2A8832A100FF0000 /* EmployeesData.swift in Sources */,
				AE7861EC2A88326000FF0000 /* RemoteImage.swift in Sources */,
				AE7861E62A88320E00FF0000 /* SettingsView.swift in Sources */,
				AE7861CE2A88303B00FF0000 /* ContentView.swift in Sources */,
				AE7861DC2A8830AF00FF0000 /* EmployeesViewModel.swift in Sources */,
				AE7861E02A88317C00FF0000 /* OnboardingView.swift in Sources */,
				AE7861CC2A88303B00FF0000 /* EmployeeDirectoryApp.swift in Sources */,
				AE7861DE2A88315D00FF0000 /* MainTabView.swift in Sources */,
				AE7861EA2A88324000FF0000 /* SearchBar.swift in Sources */,
				AE7861E82A88322B00FF0000 /* EmployeeRowView.swift in Sources */,
			);
			runOnlyForDeploymentPostprocessing = 0;
		};
/* End PBXSourcesBuildPhase section */

/* Begin XCBuildConfiguration section */
		AE7861D42A88303F00FF0000 /* Debug */ = {
			isa = XCBuildConfiguration;
			buildSettings = {
				ALWAYS_SEARCH_USER_PATHS = NO;
				ASSETCATALOG_COMPILER_GENERATE_SWIFT_ASSET_SYMBOL_EXTENSIONS = YES;
				CLANG_ANALYZER_NONNULL = YES;
				CLANG_ANALYZER_NUMBER_OBJECT_CONVERSION = YES_AGGRESSIVE;
				CLANG_CXX_LANGUAGE_STANDARD = "gnu++20";
				CLANG_ENABLE_MODULES = YES;
				CLANG_ENABLE_OBJC_ARC = YES;
				CLANG_ENABLE_OBJC_WEAK = YES;
				CLANG_WARN_BLOCK_CAPTURE_AUTORELEASING = YES;
				CLANG_WARN_BOOL_CONVERSION = YES;
				CLANG_WARN_COMMA = YES;
				CLANG_WARN_CONSTANT_CONVERSION = YES;
				CLANG_WARN_DEPRECATED_OBJC_IMPLEMENTATIONS = YES;
				CLANG_WARN_DIRECT_OBJC_ISA_USAGE = YES_ERROR;
				CLANG_WARN_DOCUMENTATION_COMMENTS = YES;
				CLANG_WARN_EMPTY_BODY = YES;
				CLANG_WARN_ENUM_CONVERSION = YES;
				CLANG_WARN_INFINITE_RECURSION = YES;
				CLANG_WARN_INT_CONVERSION = YES;
				CLANG_WARN_NON_LITERAL_NULL_CONVERSION = YES;
				CLANG_WARN_OBJC_IMPLICIT_RETAIN_SELF = YES;
				CLANG_WARN_OBJC_LITERAL_CONVERSION = YES;
				CLANG_WARN_OBJC_ROOT_CLASS = YES_ERROR;
				CLANG_WARN_QUOTED_INCLUDE_IN_FRAMEWORK_HEADER = YES;
				CLANG_WARN_RANGE_LOOP_ANALYSIS = YES;
				CLANG_WARN_STRICT_PROTOTYPES = YES;
				CLANG_WARN_SUSPICIOUS_MOVE = YES;
				CLANG_WARN_UNGUARDED_AVAILABILITY = YES_AGGRESSIVE;
				CLANG_WARN_UNREACHABLE_CODE = YES;
				CLANG_WARN__DUPLICATE_METHOD_MATCH = YES;
				COPY_PHASE_STRIP = NO;
				DEBUG_INFORMATION_FORMAT = dwarf;
				ENABLE_STRICT_OBJC_MSGSEND = YES;
				ENABLE_TESTABILITY = YES;
				ENABLE_USER_SCRIPT_SANDBOXING = YES;
				GCC_C_LANGUAGE_STANDARD = gnu17;
				GCC_DYNAMIC_NO_PIC = NO;
				GCC_NO_COMMON_BLOCKS = YES;
				GCC_OPTIMIZATION_LEVEL = 0;
				GCC_PREPROCESSOR_DEFINITIONS = (
					"DEBUG=1",
					"$(inherited)",
				);
				GCC_WARN_64_TO_32_BIT_CONVERSION = YES;
				GCC_WARN_ABOUT_RETURN_TYPE = YES_ERROR;
				GCC_WARN_UNDECLARED_SELECTOR = YES;
				GCC_WARN_UNINITIALIZED_AUTOS = YES_AGGRESSIVE;
				GCC_WARN_UNUSED_FUNCTION = YES;
				GCC_WARN_UNUSED_VARIABLE = YES;
				IPHONEOS_DEPLOYMENT_TARGET = 17.0;
				LOCALIZATION_PREFERS_STRING_CATALOGS = YES;
				MTL_ENABLE_DEBUG_INFO = INCLUDE_SOURCE;
				MTL_FAST_MATH = YES;
				ONLY_ACTIVE_ARCH = YES;
				SDKROOT = iphoneos;
				SWIFT_ACTIVE_COMPILATION_CONDITIONS = "DEBUG $(inherited)";
				SWIFT_OPTIMIZATION_LEVEL = "-Onone";
			};
			name = Debug;
		};
		AE7861D52A88303F00FF0000 /* Release */ = {
			isa = XCBuildConfiguration;
			buildSettings = {
				ALWAYS_SEARCH_USER_PATHS = NO;
				ASSETCATALOG_COMPILER_GENERATE_SWIFT_ASSET_SYMBOL_EXTENSIONS = YES;
				CLANG_ANALYZER_NONNULL = YES;
				CLANG_ANALYZER_NUMBER_OBJECT_CONVERSION = YES_AGGRESSIVE;
				CLANG_CXX_LANGUAGE_STANDARD = "gnu++20";
				CLANG_ENABLE_MODULES = YES;
				CLANG_ENABLE_OBJC_ARC = YES;
				CLANG_ENABLE_OBJC_WEAK = YES;
				CLANG_WARN_BLOCK_CAPTURE_AUTORELEASING = YES;
				CLANG_WARN_BOOL_CONVERSION = YES;
				CLANG_WARN_COMMA = YES;
				CLANG_WARN_CONSTANT_CONVERSION = YES;
				CLANG_WARN_DEPRECATED_OBJC_IMPLEMENTATIONS = YES;
				CLANG_WARN_DIRECT_OBJC_ISA_USAGE = YES_ERROR;
				CLANG_WARN_DOCUMENTATION_COMMENTS = YES;
				CLANG_WARN_EMPTY_BODY = YES;
				CLANG_WARN_ENUM_CONVERSION = YES;
				CLANG_WARN_INFINITE_RECURSION = YES;
				CLANG_WARN_INT_CONVERSION = YES;
				CLANG_WARN_NON_LITERAL_NULL_CONVERSION = YES;
				CLANG_WARN_OBJC_IMPLICIT_RETAIN_SELF = YES;
				CLANG_WARN_OBJC_LITERAL_CONVERSION = YES;
				CLANG_WARN_OBJC_ROOT_CLASS = YES_ERROR;
				CLANG_WARN_QUOTED_INCLUDE_IN_FRAMEWORK_HEADER = YES;
				CLANG_WARN_RANGE_LOOP_ANALYSIS = YES;
				CLANG_WARN_STRICT_PROTOTYPES = YES;
				CLANG_WARN_SUSPICIOUS_MOVE = YES;
				CLANG_WARN_UNGUARDED_AVAILABILITY = YES_AGGRESSIVE;
				CLANG_WARN_UNREACHABLE_CODE = YES;
				CLANG_WARN__DUPLICATE_METHOD_MATCH = YES;
				COPY_PHASE_STRIP = NO;
				DEBUG_INFORMATION_FORMAT = "dwarf-with-dsym";
				ENABLE_NS_ASSERTIONS = NO;
				ENABLE_STRICT_OBJC_MSGSEND = YES;
				ENABLE_USER_SCRIPT_SANDBOXING = YES;
				GCC_C_LANGUAGE_STANDARD = gnu17;
				GCC_NO_COMMON_BLOCKS = YES;
				GCC_WARN_64_TO_32_BIT_CONVERSION = YES;
				GCC_WARN_ABOUT_RETURN_TYPE = YES_ERROR;
				GCC_WARN_UNDECLARED_SELECTOR = YES;
				GCC_WARN_UNINITIALIZED_AUTOS = YES_AGGRESSIVE;
				GCC_WARN_UNUSED_FUNCTION = YES;
				GCC_WARN_UNUSED_VARIABLE = YES;
				IPHONEOS_DEPLOYMENT_TARGET = 17.0;
				LOCALIZATION_PREFERS_STRING_CATALOGS = YES;
				MTL_ENABLE_DEBUG_INFO = NO;
				MTL_FAST_MATH = YES;
				SDKROOT = iphoneos;
				SWIFT_COMPILATION_MODE = wholemodule;
				VALIDATE_PRODUCT = YES;
			};
			name = Release;
		};
		AE7861D72A88303F00FF0000 /* Debug */ = {
			isa = XCBuildConfiguration;
			buildSettings = {
				ASSETCATALOG_COMPILER_APPICON_NAME = AppIcon;
				ASSETCATALOG_COMPILER_GLOBAL_ACCENT_COLOR_NAME = AccentColor;
				CODE_SIGN_STYLE = Automatic;
				CURRENT_PROJECT_VERSION = 1;
				DEVELOPMENT_ASSET_PATHS = "\"EmployeeDirectory/Preview Content\"";
				ENABLE_PREVIEWS = YES;
				GENERATE_INFOPLIST_FILE = YES;
				INFOPLIST_KEY_UIApplicationSceneManifest_Generation = YES;
				INFOPLIST_KEY_UIApplicationSupportsIndirectInputEvents = YES;
				INFOPLIST_KEY_UILaunchScreen_Generation = YES;
				INFOPLIST_KEY_UISupportedInterfaceOrientations_iPad = "UIInterfaceOrientationPortrait UIInterfaceOrientationPortraitUpsideDown UIInterfaceOrientationLandscapeLeft UIInterfaceOrientationLandscapeRight";
				INFOPLIST_KEY_UISupportedInterfaceOrientations_iPhone = "UIInterfaceOrientationPortrait UIInterfaceOrientationLandscapeLeft UIInterfaceOrientationLandscapeRight";
				LD_RUNPATH_SEARCH_PATHS = (
					"$(inherited)",
					"@executable_path/Frameworks",
				);
				MARKETING_VERSION = 1.0;
				PRODUCT_BUNDLE_IDENTIFIER = com.example.sameershaligram.EmployeeDirectory;
				PRODUCT_NAME = "$(TARGET_NAME)";
				SWIFT_EMIT_LOC_STRINGS = YES;
				SWIFT_VERSION = 5.0;
				TARGETED_DEVICE_FAMILY = "1,2";
			};
			name = Debug;
		};
		AE7861D82A88303F00FF0000 /* Release */ = {
			isa = XCBuildConfiguration;
			buildSettings = {
				ASSETCATALOG_COMPILER_APPICON_NAME = AppIcon;
				ASSETCATALOG_COMPILER_GLOBAL_ACCENT_COLOR_NAME = AccentColor;
				CODE_SIGN_STYLE = Automatic;
				CURRENT_PROJECT_VERSION = 1;
				DEVELOPMENT_ASSET_PATHS = "\"EmployeeDirectory/Preview Content\"";
				ENABLE_PREVIEWS = YES;
				GENERATE_INFOPLIST_FILE = YES;
				INFOPLIST_KEY_UIApplicationSceneManifest_Generation = YES;
				INFOPLIST_KEY_UIApplicationSupportsIndirectInputEvents = YES;
				INFOPLIST_KEY_UILaunchScreen_Generation = YES;
				INFOPLIST_KEY_UISupportedInterfaceOrientations_iPad = "UIInterfaceOrientationPortrait UIInterfaceOrientationPortraitUpsideDown UIInterfaceOrientationLandscapeLeft UIInterfaceOrientationLandscapeRight";
				INFOPLIST_KEY_UISupportedInterfaceOrientations_iPhone = "UIInterfaceOrientationPortrait UIInterfaceOrientationLandscapeLeft UIInterfaceOrientationLandscapeRight";
				LD_RUNPATH_SEARCH_PATHS = (
					"$(inherited)",
					"@executable_path/Frameworks",
				);
				MARKETING_VERSION = 1.0;
				PRODUCT_BUNDLE_IDENTIFIER = com.example.sameershaligram.EmployeeDirectory;
				PRODUCT_NAME = "$(TARGET_NAME)";
				SWIFT_EMIT_LOC_STRINGS = YES;
				SWIFT_VERSION = 5.0;
				TARGETED_DEVICE_FAMILY = "1,2";
			};
			name = Release;
		};
/* End XCBuildConfiguration section */

/* Begin XCConfigurationList section */
		AE7861C32A88303B00FF0000 /* Build configuration list for PBXProject "EmployeeDirectory" */ = {
			isa = XCConfigurationList;
			buildConfigurations = (
				AE7861D42A88303F00FF0000 /* Debug */,
				AE7861D52A88303F00FF0000 /* Release */,
			);
			defaultConfigurationIsVisible = 0;
			defaultConfigurationName = Release;
		};
		AE7861D62A88303F00FF0000 /* Build configuration list for PBXNativeTarget "EmployeeDirectory" */ = {
			isa = XCConfigurationList;
			buildConfigurations = (
				AE7861D72A88303F00FF0000 /* Debug */,
				AE7861D82A88303F00FF0000 /* Release */,
			);
			defaultConfigurationIsVisible = 0;
			defaultConfigurationName = Release;
		};
/* End XCConfigurationList section */
	};
	rootObject = AE7861C02A88303B00FF0000 /* Project object */;
}
